
Microsoft Visual Studio Solution File, Format Version 12.00
# Visual Studio Version 16
VisualStudioVersion = 16.0.30011.22
MinimumVisualStudioVersion = 10.0.40219.1
Project("{FAE04EC0-301F-11D3-BF4B-00C04F79EFBC}") = "TriangleTask", "TriangleTask.csproj", "{DBC1BE6C-EA80-4D71-B39D-939F6FA97ED7}"
EndProject
Project("{FAE04EC0-301F-11D3-BF4B-00C04F79EFBC}") = "FigureLibrary", "..\FigureLibrary\FigureLibrary.csproj", "{15C639EA-EF3F-45FC-A844-5B2863D07BBF}"
EndProject
Global
	GlobalSection(SolutionConfigurationPlatforms) = preSolution
		Debug|Any CPU = Debug|Any CPU
		Release|Any CPU = Release|Any CPU
	EndGlobalSection
	GlobalSection(ProjectConfigurationPlatforms) = postSolution
		{DBC1BE6C-EA80-4D71-B39D-939F6FA97ED7}.Debug|Any CPU.ActiveCfg = Debug|Any CPU
		{DBC1BE6C-EA80-4D71-B39D-939F6FA97ED7}.Debug|Any CPU.Build.0 = Debug|Any CPU
		{DBC1BE6C-EA80-4D71-B39D-939F6FA97ED7}.Release|Any CPU.ActiveCfg = Release|Any CPU
		{DBC1BE6C-EA80-4D71-B39D-939F6FA97ED7}.Release|Any CPU.Build.0 = Release|Any CPU
		{15C639EA-EF3F-45FC-A844-5B2863D07BBF}.Debug|Any CPU.ActiveCfg = Debug|Any CPU
		{15C639EA-EF3F-45FC-A844-5B2863D07BBF}.Debug|Any CPU.Build.0 = Debug|Any CPU
		{15C639EA-EF3F-45FC-A844-5B2863D07BBF}.Release|Any CPU.ActiveCfg = Release|Any CPU
		{15C639EA-EF3F-45FC-A844-5B2863D07BBF}.Release|Any CPU.Build.0 = Release|Any CPU
	EndGlobalSection
	GlobalSection(SolutionProperties) = preSolution
		HideSolutionNode = FALSE
	EndGlobalSection
	GlobalSection(ExtensibilityGlobals) = postSolution
		SolutionGuid = {90D9118C-E5EF-43D6-8AA8-9BE6853C6C40}
	EndGlobalSection
EndGlobal
