
Microsoft Visual Studio Solution File, Format Version 12.00
# Visual Studio Version 16
VisualStudioVersion = 16.0.30011.22
MinimumVisualStudioVersion = 10.0.40219.1
Project("{FAE04EC0-301F-11D3-BF4B-00C04F79EFBC}") = "FigureLibrary", "FigureLibrary.csproj", "{15C639EA-EF3F-45FC-A844-5B2863D07BBF}"
EndProject
Global
	GlobalSection(SolutionConfigurationPlatforms) = preSolution
		Debug|Any CPU = Debug|Any CPU
		Release|Any CPU = Release|Any CPU
	EndGlobalSection
	GlobalSection(ProjectConfigurationPlatforms) = postSolution
		{15C639EA-EF3F-45FC-A844-5B2863D07BBF}.Debug|Any CPU.ActiveCfg = Debug|Any CPU
		{15C639EA-EF3F-45FC-A844-5B2863D07BBF}.Debug|Any CPU.Build.0 = Debug|Any CPU
		{15C639EA-EF3F-45FC-A844-5B2863D07BBF}.Release|Any CPU.ActiveCfg = Release|Any CPU
		{15C639EA-EF3F-45FC-A844-5B2863D07BBF}.Release|Any CPU.Build.0 = Release|Any CPU
	EndGlobalSection
	GlobalSection(SolutionProperties) = preSolution
		HideSolutionNode = FALSE
	EndGlobalSection
	GlobalSection(ExtensibilityGlobals) = postSolution
		SolutionGuid = {517CD02F-1E9F-473E-A916-77F0AA83B6FD}
	EndGlobalSection
EndGlobal
